
Microsoft Visual Studio Solution File, Format Version 12.00
# Visual Studio 15
VisualStudioVersion = 15.0.28010.2046
MinimumVisualStudioVersion = 10.0.40219.1
Project("{FAE04EC0-301F-11D3-BF4B-00C04F79EFBC}") = "RESTAPI", "RESTAPI\RESTAPI.csproj", "{B0CB2ACE-D3AB-426D-A4E4-2DAE86C03DCE}"
EndProject
Project("{FAE04EC0-301F-11D3-BF4B-00C04F79EFBC}") = "DAL.Interfaces", "DAL.Interfaces\DAL.Interfaces.csproj", "{D83500F9-D479-4BCF-B633-E8AF270F6D49}"
EndProject
Project("{FAE04EC0-301F-11D3-BF4B-00C04F79EFBC}") = "DAL", "DAL\DAL.csproj", "{E69C32B9-426B-48B2-9AB7-470636ACA590}"
EndProject
Project("{FAE04EC0-301F-11D3-BF4B-00C04F79EFBC}") = "BLL.Interfaces", "BLL.Interfaces\BLL.Interfaces.csproj", "{CF2E48E3-8C47-4276-9456-4A802ACD5605}"
EndProject
Project("{FAE04EC0-301F-11D3-BF4B-00C04F79EFBC}") = "BLL", "BLL\BLL.csproj", "{EBDD0CA5-A68C-4EB4-B909-446CCFB95385}"
EndProject
Project("{FAE04EC0-301F-11D3-BF4B-00C04F79EFBC}") = "DependensyResolver", "DependensyResolver\DependensyResolver.csproj", "{C449CF6D-B0E0-4268-A283-A0D06D87B976}"
EndProject
Global
	GlobalSection(SolutionConfigurationPlatforms) = preSolution
		Debug|Any CPU = Debug|Any CPU
		Release|Any CPU = Release|Any CPU
	EndGlobalSection
	GlobalSection(ProjectConfigurationPlatforms) = postSolution
		{B0CB2ACE-D3AB-426D-A4E4-2DAE86C03DCE}.Debug|Any CPU.ActiveCfg = Debug|Any CPU
		{B0CB2ACE-D3AB-426D-A4E4-2DAE86C03DCE}.Debug|Any CPU.Build.0 = Debug|Any CPU
		{B0CB2ACE-D3AB-426D-A4E4-2DAE86C03DCE}.Release|Any CPU.ActiveCfg = Release|Any CPU
		{B0CB2ACE-D3AB-426D-A4E4-2DAE86C03DCE}.Release|Any CPU.Build.0 = Release|Any CPU
		{D83500F9-D479-4BCF-B633-E8AF270F6D49}.Debug|Any CPU.ActiveCfg = Debug|Any CPU
		{D83500F9-D479-4BCF-B633-E8AF270F6D49}.Debug|Any CPU.Build.0 = Debug|Any CPU
		{D83500F9-D479-4BCF-B633-E8AF270F6D49}.Release|Any CPU.ActiveCfg = Release|Any CPU
		{D83500F9-D479-4BCF-B633-E8AF270F6D49}.Release|Any CPU.Build.0 = Release|Any CPU
		{E69C32B9-426B-48B2-9AB7-470636ACA590}.Debug|Any CPU.ActiveCfg = Debug|Any CPU
		{E69C32B9-426B-48B2-9AB7-470636ACA590}.Debug|Any CPU.Build.0 = Debug|Any CPU
		{E69C32B9-426B-48B2-9AB7-470636ACA590}.Release|Any CPU.ActiveCfg = Release|Any CPU
		{E69C32B9-426B-48B2-9AB7-470636ACA590}.Release|Any CPU.Build.0 = Release|Any CPU
		{CF2E48E3-8C47-4276-9456-4A802ACD5605}.Debug|Any CPU.ActiveCfg = Debug|Any CPU
		{CF2E48E3-8C47-4276-9456-4A802ACD5605}.Debug|Any CPU.Build.0 = Debug|Any CPU
		{CF2E48E3-8C47-4276-9456-4A802ACD5605}.Release|Any CPU.ActiveCfg = Release|Any CPU
		{CF2E48E3-8C47-4276-9456-4A802ACD5605}.Release|Any CPU.Build.0 = Release|Any CPU
		{EBDD0CA5-A68C-4EB4-B909-446CCFB95385}.Debug|Any CPU.ActiveCfg = Debug|Any CPU
		{EBDD0CA5-A68C-4EB4-B909-446CCFB95385}.Debug|Any CPU.Build.0 = Debug|Any CPU
		{EBDD0CA5-A68C-4EB4-B909-446CCFB95385}.Release|Any CPU.ActiveCfg = Release|Any CPU
		{EBDD0CA5-A68C-4EB4-B909-446CCFB95385}.Release|Any CPU.Build.0 = Release|Any CPU
		{C449CF6D-B0E0-4268-A283-A0D06D87B976}.Debug|Any CPU.ActiveCfg = Debug|Any CPU
		{C449CF6D-B0E0-4268-A283-A0D06D87B976}.Debug|Any CPU.Build.0 = Debug|Any CPU
		{C449CF6D-B0E0-4268-A283-A0D06D87B976}.Release|Any CPU.ActiveCfg = Release|Any CPU
		{C449CF6D-B0E0-4268-A283-A0D06D87B976}.Release|Any CPU.Build.0 = Release|Any CPU
	EndGlobalSection
	GlobalSection(SolutionProperties) = preSolution
		HideSolutionNode = FALSE
	EndGlobalSection
	GlobalSection(ExtensibilityGlobals) = postSolution
		SolutionGuid = {6861E5D9-7218-43B0-A726-E64C129D37FB}
	EndGlobalSection
EndGlobal
